// !$*UTF8*$!
{
	archiveVersion = 1;
	classes = {
	};
	objectVersion = 70;
	objects = {

/* Begin PBXBuildFile section */
		B40671932C92B346006A5B92 /* MealViewModel.swift in Sources */ = {isa = PBXBuildFile; fileRef = B40671922C92B346006A5B92 /* MealViewModel.swift */; };
		B453A4FE2C9F52D200740506 /* NetworkManager.swift in Sources */ = {isa = PBXBuildFile; fileRef = B453A4FD2C9F52C900740506 /* NetworkManager.swift */; };
		B4C019FA2C929E99006959B6 /* MealsBrowserApp.swift in Sources */ = {isa = PBXBuildFile; fileRef = B4C019F92C929E99006959B6 /* MealsBrowserApp.swift */; };
		B4C019FE2C929E9A006959B6 /* Assets.xcassets in Resources */ = {isa = PBXBuildFile; fileRef = B4C019FD2C929E9A006959B6 /* Assets.xcassets */; };
		B4C01A012C929E9A006959B6 /* Preview Assets.xcassets in Resources */ = {isa = PBXBuildFile; fileRef = B4C01A002C929E9A006959B6 /* Preview Assets.xcassets */; };
		B4C01A082C929EB8006959B6 /* MealsViewModel.swift in Sources */ = {isa = PBXBuildFile; fileRef = B4C01A072C929EB8006959B6 /* MealsViewModel.swift */; };
		B4C01A0C2C929ED5006959B6 /* MealModel.swift in Sources */ = {isa = PBXBuildFile; fileRef = B4C01A0B2C929ED5006959B6 /* MealModel.swift */; };
		B4C01A102C929F67006959B6 /* MealsService.swift in Sources */ = {isa = PBXBuildFile; fileRef = B4C01A0F2C929F67006959B6 /* MealsService.swift */; };
		B4C9ABCA2C92ACCE004D7967 /* MealDetailView.swift in Sources */ = {isa = PBXBuildFile; fileRef = B4C9ABC92C92ACCE004D7967 /* MealDetailView.swift */; };
		B4C9ABD02C92ADE2004D7967 /* MealsView.swift in Sources */ = {isa = PBXBuildFile; fileRef = B4C01A092C929EC9006959B6 /* MealsView.swift */; };
/* End PBXBuildFile section */

/* Begin PBXContainerItemProxy section */
		B4DBEDB72CD1672000EE220D /* PBXContainerItemProxy */ = {
			isa = PBXContainerItemProxy;
			containerPortal = B4C019EE2C929E99006959B6 /* Project object */;
			proxyType = 1;
			remoteGlobalIDString = B4C019F52C929E99006959B6;
			remoteInfo = MealsBrowser;
		};
/* End PBXContainerItemProxy section */

/* Begin PBXFileReference section */
		B40671922C92B346006A5B92 /* MealViewModel.swift */ = {isa = PBXFileReference; lastKnownFileType = sourcecode.swift; path = MealViewModel.swift; sourceTree = "<group>"; };
		B453A4FD2C9F52C900740506 /* NetworkManager.swift */ = {isa = PBXFileReference; lastKnownFileType = sourcecode.swift; path = NetworkManager.swift; sourceTree = "<group>"; };
		B4C019F62C929E99006959B6 /* MealsBrowser.app */ = {isa = PBXFileReference; explicitFileType = wrapper.application; includeInIndex = 0; path = MealsBrowser.app; sourceTree = BUILT_PRODUCTS_DIR; };
		B4C019F92C929E99006959B6 /* MealsBrowserApp.swift */ = {isa = PBXFileReference; lastKnownFileType = sourcecode.swift; path = MealsBrowserApp.swift; sourceTree = "<group>"; };
		B4C019FD2C929E9A006959B6 /* Assets.xcassets */ = {isa = PBXFileReference; lastKnownFileType = folder.assetcatalog; path = Assets.xcassets; sourceTree = "<group>"; };
		B4C01A002C929E9A006959B6 /* Preview Assets.xcassets */ = {isa = PBXFileReference; lastKnownFileType = folder.assetcatalog; path = "Preview Assets.xcassets"; sourceTree = "<group>"; };
		B4C01A072C929EB8006959B6 /* MealsViewModel.swift */ = {isa = PBXFileReference; lastKnownFileType = sourcecode.swift; path = MealsViewModel.swift; sourceTree = "<group>"; };
		B4C01A092C929EC9006959B6 /* MealsView.swift */ = {isa = PBXFileReference; lastKnownFileType = sourcecode.swift; path = MealsView.swift; sourceTree = "<group>"; };
		B4C01A0B2C929ED5006959B6 /* MealModel.swift */ = {isa = PBXFileReference; lastKnownFileType = sourcecode.swift; path = MealModel.swift; sourceTree = "<group>"; };
		B4C01A0F2C929F67006959B6 /* MealsService.swift */ = {isa = PBXFileReference; lastKnownFileType = sourcecode.swift; path = MealsService.swift; sourceTree = "<group>"; };
		B4C9ABC92C92ACCE004D7967 /* MealDetailView.swift */ = {isa = PBXFileReference; lastKnownFileType = sourcecode.swift; path = MealDetailView.swift; sourceTree = "<group>"; };
		B4DBEDB32CD1672000EE220D /* MealsBrowserTests.xctest */ = {isa = PBXFileReference; explicitFileType = wrapper.cfbundle; includeInIndex = 0; path = MealsBrowserTests.xctest; sourceTree = BUILT_PRODUCTS_DIR; };
/* End PBXFileReference section */

/* Begin PBXFileSystemSynchronizedRootGroup section */
		B4DBEDB42CD1672000EE220D /* MealsBrowserTests */ = {isa = PBXFileSystemSynchronizedRootGroup; explicitFileTypes = {}; explicitFolders = (); path = MealsBrowserTests; sourceTree = "<group>"; };
/* End PBXFileSystemSynchronizedRootGroup section */

/* Begin PBXFrameworksBuildPhase section */
		B4C019F32C929E99006959B6 /* Frameworks */ = {
			isa = PBXFrameworksBuildPhase;
			buildActionMask = 2147483647;
			files = (
			);
			runOnlyForDeploymentPostprocessing = 0;
		};
		B4DBEDB02CD1672000EE220D /* Frameworks */ = {
			isa = PBXFrameworksBuildPhase;
			buildActionMask = 2147483647;
			files = (
			);
			runOnlyForDeploymentPostprocessing = 0;
		};
/* End PBXFrameworksBuildPhase section */

/* Begin PBXGroup section */
		B4C019ED2C929E99006959B6 = {
			isa = PBXGroup;
			children = (
				B4C019F82C929E99006959B6 /* MealsBrowser */,
				B4DBEDB42CD1672000EE220D /* MealsBrowserTests */,
				B4C019F72C929E99006959B6 /* Products */,
			);
			sourceTree = "<group>";
		};
		B4C019F72C929E99006959B6 /* Products */ = {
			isa = PBXGroup;
			children = (
				B4C019F62C929E99006959B6 /* MealsBrowser.app */,
				B4DBEDB32CD1672000EE220D /* MealsBrowserTests.xctest */,
			);
			name = Products;
			sourceTree = "<group>";
		};
		B4C019F82C929E99006959B6 /* MealsBrowser */ = {
			isa = PBXGroup;
			children = (
				B4C019F92C929E99006959B6 /* MealsBrowserApp.swift */,
				B4C9ABCD2C92AD15004D7967 /* Models */,
				B4C9ABCB2C92ACFC004D7967 /* Views */,
				B4C9ABCC2C92AD05004D7967 /* ViewModels */,
				B4C9ABCE2C92AD29004D7967 /* Services */,
				B4C019FD2C929E9A006959B6 /* Assets.xcassets */,
				B4C019FF2C929E9A006959B6 /* Preview Content */,
			);
			path = MealsBrowser;
			sourceTree = "<group>";
		};
		B4C019FF2C929E9A006959B6 /* Preview Content */ = {
			isa = PBXGroup;
			children = (
				B4C01A002C929E9A006959B6 /* Preview Assets.xcassets */,
			);
			path = "Preview Content";
			sourceTree = "<group>";
		};
		B4C9ABCB2C92ACFC004D7967 /* Views */ = {
			isa = PBXGroup;
			children = (
				B4C9ABC92C92ACCE004D7967 /* MealDetailView.swift */,
				B4C01A092C929EC9006959B6 /* MealsView.swift */,
			);
			path = Views;
			sourceTree = "<group>";
		};
		B4C9ABCC2C92AD05004D7967 /* ViewModels */ = {
			isa = PBXGroup;
			children = (
				B4C01A072C929EB8006959B6 /* MealsViewModel.swift */,
				B40671922C92B346006A5B92 /* MealViewModel.swift */,
			);
			path = ViewModels;
			sourceTree = "<group>";
		};
		B4C9ABCD2C92AD15004D7967 /* Models */ = {
			isa = PBXGroup;
			children = (
				B4C01A0B2C929ED5006959B6 /* MealModel.swift */,
			);
			path = Models;
			sourceTree = "<group>";
		};
		B4C9ABCE2C92AD29004D7967 /* Services */ = {
			isa = PBXGroup;
			children = (
				B453A4FD2C9F52C900740506 /* NetworkManager.swift */,
				B4C01A0F2C929F67006959B6 /* MealsService.swift */,
			);
			path = Services;
			sourceTree = "<group>";
		};
/* End PBXGroup section */

/* Begin PBXNativeTarget section */
		B4C019F52C929E99006959B6 /* MealsBrowser */ = {
			isa = PBXNativeTarget;
			buildConfigurationList = B4C01A042C929E9A006959B6 /* Build configuration list for PBXNativeTarget "MealsBrowser" */;
			buildPhases = (
				B4C019F22C929E99006959B6 /* Sources */,
				B4C019F32C929E99006959B6 /* Frameworks */,
				B4C019F42C929E99006959B6 /* Resources */,
			);
			buildRules = (
			);
			dependencies = (
			);
			name = MealsBrowser;
			productName = MealsBrowser;
			productReference = B4C019F62C929E99006959B6 /* MealsBrowser.app */;
			productType = "com.apple.product-type.application";
		};
		B4DBEDB22CD1672000EE220D /* MealsBrowserTests */ = {
			isa = PBXNativeTarget;
			buildConfigurationList = B4DBEDBB2CD1672000EE220D /* Build configuration list for PBXNativeTarget "MealsBrowserTests" */;
			buildPhases = (
				B4DBEDAF2CD1672000EE220D /* Sources */,
				B4DBEDB02CD1672000EE220D /* Frameworks */,
				B4DBEDB12CD1672000EE220D /* Resources */,
			);
			buildRules = (
			);
			dependencies = (
				B4DBEDB82CD1672000EE220D /* PBXTargetDependency */,
			);
			fileSystemSynchronizedGroups = (
				B4DBEDB42CD1672000EE220D /* MealsBrowserTests */,
			);
			name = MealsBrowserTests;
			packageProductDependencies = (
			);
			productName = MealsBrowserTests;
			productReference = B4DBEDB32CD1672000EE220D /* MealsBrowserTests.xctest */;
			productType = "com.apple.product-type.bundle.unit-test";
		};
/* End PBXNativeTarget section */

/* Begin PBXProject section */
		B4C019EE2C929E99006959B6 /* Project object */ = {
			isa = PBXProject;
			attributes = {
				BuildIndependentTargetsInParallel = 1;
				LastSwiftUpdateCheck = 1600;
				LastUpgradeCheck = 1540;
				TargetAttributes = {
					B4C019F52C929E99006959B6 = {
						CreatedOnToolsVersion = 15.4;
					};
					B4DBEDB22CD1672000EE220D = {
						CreatedOnToolsVersion = 16.0;
						TestTargetID = B4C019F52C929E99006959B6;
					};
				};
			};
			buildConfigurationList = B4C019F12C929E99006959B6 /* Build configuration list for PBXProject "MealsBrowser" */;
			compatibilityVersion = "Xcode 14.0";
			developmentRegion = en;
			hasScannedForEncodings = 0;
			knownRegions = (
				en,
				Base,
			);
			mainGroup = B4C019ED2C929E99006959B6;
			productRefGroup = B4C019F72C929E99006959B6 /* Products */;
			projectDirPath = "";
			projectRoot = "";
			targets = (
				B4C019F52C929E99006959B6 /* MealsBrowser */,
				B4DBEDB22CD1672000EE220D /* MealsBrowserTests */,
			);
		};
/* End PBXProject section */

/* Begin PBXResourcesBuildPhase section */
		B4C019F42C929E99006959B6 /* Resources */ = {
			isa = PBXResourcesBuildPhase;
			buildActionMask = 2147483647;
			files = (
				B4C01A012C929E9A006959B6 /* Preview Assets.xcassets in Resources */,
				B4C019FE2C929E9A006959B6 /* Assets.xcassets in Resources */,
			);
			runOnlyForDeploymentPostprocessing = 0;
		};
		B4DBEDB12CD1672000EE220D /* Resources */ = {
			isa = PBXResourcesBuildPhase;
			buildActionMask = 2147483647;
			files = (
			);
			runOnlyForDeploymentPostprocessing = 0;
		};
/* End PBXResourcesBuildPhase section */

/* Begin PBXSourcesBuildPhase section */
		B4C019F22C929E99006959B6 /* Sources */ = {
			isa = PBXSourcesBuildPhase;
			buildActionMask = 2147483647;
			files = (
				B4C01A0C2C929ED5006959B6 /* MealModel.swift in Sources */,
				B40671932C92B346006A5B92 /* MealViewModel.swift in Sources */,
				B4C01A102C929F67006959B6 /* MealsService.swift in Sources */,
				B4C019FA2C929E99006959B6 /* MealsBrowserApp.swift in Sources */,
				B453A4FE2C9F52D200740506 /* NetworkManager.swift in Sources */,
				B4C01A082C929EB8006959B6 /* MealsViewModel.swift in Sources */,
				B4C9ABCA2C92ACCE004D7967 /* MealDetailView.swift in Sources */,
				B4C9ABD02C92ADE2004D7967 /* MealsView.swift in Sources */,
			);
			runOnlyForDeploymentPostprocessing = 0;
		};
		B4DBEDAF2CD1672000EE220D /* Sources */ = {
			isa = PBXSourcesBuildPhase;
			buildActionMask = 2147483647;
			files = (
			);
			runOnlyForDeploymentPostprocessing = 0;
		};
/* End PBXSourcesBuildPhase section */

/* Begin PBXTargetDependency section */
		B4DBEDB82CD1672000EE220D /* PBXTargetDependency */ = {
			isa = PBXTargetDependency;
			target = B4C019F52C929E99006959B6 /* MealsBrowser */;
			targetProxy = B4DBEDB72CD1672000EE220D /* PBXContainerItemProxy */;
		};
/* End PBXTargetDependency section */

/* Begin XCBuildConfiguration section */
		B4C01A022C929E9A006959B6 /* Debug */ = {
			isa = XCBuildConfiguration;
			buildSettings = {
				ALWAYS_SEARCH_USER_PATHS = NO;
				ASSETCATALOG_COMPILER_GENERATE_SWIFT_ASSET_SYMBOL_EXTENSIONS = YES;
				CLANG_ANALYZER_NONNULL = YES;
				CLANG_ANALYZER_NUMBER_OBJECT_CONVERSION = YES_AGGRESSIVE;
				CLANG_CXX_LANGUAGE_STANDARD = "gnu++20";
				CLANG_ENABLE_MODULES = YES;
				CLANG_ENABLE_OBJC_ARC = YES;
				CLANG_ENABLE_OBJC_WEAK = YES;
				CLANG_WARN_BLOCK_CAPTURE_AUTORELEASING = YES;
				CLANG_WARN_BOOL_CONVERSION = YES;
				CLANG_WARN_COMMA = YES;
				CLANG_WARN_CONSTANT_CONVERSION = YES;
				CLANG_WARN_DEPRECATED_OBJC_IMPLEMENTATIONS = YES;
				CLANG_WARN_DIRECT_OBJC_ISA_USAGE = YES_ERROR;
				CLANG_WARN_DOCUMENTATION_COMMENTS = YES;
				CLANG_WARN_EMPTY_BODY = YES;
				CLANG_WARN_ENUM_CONVERSION = YES;
				CLANG_WARN_INFINITE_RECURSION = YES;
				CLANG_WARN_INT_CONVERSION = YES;
				CLANG_WARN_NON_LITERAL_NULL_CONVERSION = YES;
				CLANG_WARN_OBJC_IMPLICIT_RETAIN_SELF = YES;
				CLANG_WARN_OBJC_LITERAL_CONVERSION = YES;
				CLANG_WARN_OBJC_ROOT_CLASS = YES_ERROR;
				CLANG_WARN_QUOTED_INCLUDE_IN_FRAMEWORK_HEADER = YES;
				CLANG_WARN_RANGE_LOOP_ANALYSIS = YES;
				CLANG_WARN_STRICT_PROTOTYPES = YES;
				CLANG_WARN_SUSPICIOUS_MOVE = YES;
				CLANG_WARN_UNGUARDED_AVAILABILITY = YES_AGGRESSIVE;
				CLANG_WARN_UNREACHABLE_CODE = YES;
				CLANG_WARN__DUPLICATE_METHOD_MATCH = YES;
				COPY_PHASE_STRIP = NO;
				DEBUG_INFORMATION_FORMAT = dwarf;
				ENABLE_STRICT_OBJC_MSGSEND = YES;
				ENABLE_TESTABILITY = YES;
				ENABLE_USER_SCRIPT_SANDBOXING = YES;
				GCC_C_LANGUAGE_STANDARD = gnu17;
				GCC_DYNAMIC_NO_PIC = NO;
				GCC_NO_COMMON_BLOCKS = YES;
				GCC_OPTIMIZATION_LEVEL = 0;
				GCC_PREPROCESSOR_DEFINITIONS = (
					"DEBUG=1",
					"$(inherited)",
				);
				GCC_WARN_64_TO_32_BIT_CONVERSION = YES;
				GCC_WARN_ABOUT_RETURN_TYPE = YES_ERROR;
				GCC_WARN_UNDECLARED_SELECTOR = YES;
				GCC_WARN_UNINITIALIZED_AUTOS = YES_AGGRESSIVE;
				GCC_WARN_UNUSED_FUNCTION = YES;
				GCC_WARN_UNUSED_VARIABLE = YES;
				IPHONEOS_DEPLOYMENT_TARGET = 17.5;
				LOCALIZATION_PREFERS_STRING_CATALOGS = YES;
				MTL_ENABLE_DEBUG_INFO = INCLUDE_SOURCE;
				MTL_FAST_MATH = YES;
				ONLY_ACTIVE_ARCH = YES;
				SDKROOT = iphoneos;
				SWIFT_ACTIVE_COMPILATION_CONDITIONS = "DEBUG $(inherited)";
				SWIFT_OPTIMIZATION_LEVEL = "-Onone";
			};
			name = Debug;
		};
		B4C01A032C929E9A006959B6 /* Release */ = {
			isa = XCBuildConfiguration;
			buildSettings = {
				ALWAYS_SEARCH_USER_PATHS = NO;
				ASSETCATALOG_COMPILER_GENERATE_SWIFT_ASSET_SYMBOL_EXTENSIONS = YES;
				CLANG_ANALYZER_NONNULL = YES;
				CLANG_ANALYZER_NUMBER_OBJECT_CONVERSION = YES_AGGRESSIVE;
				CLANG_CXX_LANGUAGE_STANDARD = "gnu++20";
				CLANG_ENABLE_MODULES = YES;
				CLANG_ENABLE_OBJC_ARC = YES;
				CLANG_ENABLE_OBJC_WEAK = YES;
				CLANG_WARN_BLOCK_CAPTURE_AUTORELEASING = YES;
				CLANG_WARN_BOOL_CONVERSION = YES;
				CLANG_WARN_COMMA = YES;
				CLANG_WARN_CONSTANT_CONVERSION = YES;
				CLANG_WARN_DEPRECATED_OBJC_IMPLEMENTATIONS = YES;
				CLANG_WARN_DIRECT_OBJC_ISA_USAGE = YES_ERROR;
				CLANG_WARN_DOCUMENTATION_COMMENTS = YES;
				CLANG_WARN_EMPTY_BODY = YES;
				CLANG_WARN_ENUM_CONVERSION = YES;
				CLANG_WARN_INFINITE_RECURSION = YES;
				CLANG_WARN_INT_CONVERSION = YES;
				CLANG_WARN_NON_LITERAL_NULL_CONVERSION = YES;
				CLANG_WARN_OBJC_IMPLICIT_RETAIN_SELF = YES;
				CLANG_WARN_OBJC_LITERAL_CONVERSION = YES;
				CLANG_WARN_OBJC_ROOT_CLASS = YES_ERROR;
				CLANG_WARN_QUOTED_INCLUDE_IN_FRAMEWORK_HEADER = YES;
				CLANG_WARN_RANGE_LOOP_ANALYSIS = YES;
				CLANG_WARN_STRICT_PROTOTYPES = YES;
				CLANG_WARN_SUSPICIOUS_MOVE = YES;
				CLANG_WARN_UNGUARDED_AVAILABILITY = YES_AGGRESSIVE;
				CLANG_WARN_UNREACHABLE_CODE = YES;
				CLANG_WARN__DUPLICATE_METHOD_MATCH = YES;
				COPY_PHASE_STRIP = NO;
				DEBUG_INFORMATION_FORMAT = "dwarf-with-dsym";
				ENABLE_NS_ASSERTIONS = NO;
				ENABLE_STRICT_OBJC_MSGSEND = YES;
				ENABLE_USER_SCRIPT_SANDBOXING = YES;
				GCC_C_LANGUAGE_STANDARD = gnu17;
				GCC_NO_COMMON_BLOCKS = YES;
				GCC_WARN_64_TO_32_BIT_CONVERSION = YES;
				GCC_WARN_ABOUT_RETURN_TYPE = YES_ERROR;
				GCC_WARN_UNDECLARED_SELECTOR = YES;
				GCC_WARN_UNINITIALIZED_AUTOS = YES_AGGRESSIVE;
				GCC_WARN_UNUSED_FUNCTION = YES;
				GCC_WARN_UNUSED_VARIABLE = YES;
				IPHONEOS_DEPLOYMENT_TARGET = 17.5;
				LOCALIZATION_PREFERS_STRING_CATALOGS = YES;
				MTL_ENABLE_DEBUG_INFO = NO;
				MTL_FAST_MATH = YES;
				SDKROOT = iphoneos;
				SWIFT_COMPILATION_MODE = wholemodule;
				VALIDATE_PRODUCT = YES;
			};
			name = Release;
		};
		B4C01A052C929E9A006959B6 /* Debug */ = {
			isa = XCBuildConfiguration;
			buildSettings = {
				ASSETCATALOG_COMPILER_APPICON_NAME = AppIcon;
				ASSETCATALOG_COMPILER_GLOBAL_ACCENT_COLOR_NAME = AccentColor;
				CODE_SIGN_STYLE = Automatic;
				CURRENT_PROJECT_VERSION = 1;
				DEVELOPMENT_ASSET_PATHS = "\"MealsBrowser/Preview Content\"";
				ENABLE_PREVIEWS = YES;
				GENERATE_INFOPLIST_FILE = YES;
				INFOPLIST_KEY_UIApplicationSceneManifest_Generation = YES;
				INFOPLIST_KEY_UIApplicationSupportsIndirectInputEvents = YES;
				INFOPLIST_KEY_UILaunchScreen_Generation = YES;
				INFOPLIST_KEY_UISupportedInterfaceOrientations_iPad = "UIInterfaceOrientationPortrait UIInterfaceOrientationPortraitUpsideDown UIInterfaceOrientationLandscapeLeft UIInterfaceOrientationLandscapeRight";
				INFOPLIST_KEY_UISupportedInterfaceOrientations_iPhone = "UIInterfaceOrientationPortrait UIInterfaceOrientationLandscapeLeft UIInterfaceOrientationLandscapeRight";
				LD_RUNPATH_SEARCH_PATHS = (
					"$(inherited)",
					"@executable_path/Frameworks",
				);
				MARKETING_VERSION = 1.0;
				PRODUCT_BUNDLE_IDENTIFIER = MealsBrowser.MealsBrowser;
				PRODUCT_NAME = "$(TARGET_NAME)";
				SWIFT_EMIT_LOC_STRINGS = YES;
				SWIFT_VERSION = 5.0;
				TARGETED_DEVICE_FAMILY = "1,2";
			};
			name = Debug;
		};
		B4C01A062C929E9A006959B6 /* Release */ = {
			isa = XCBuildConfiguration;
			buildSettings = {
				ASSETCATALOG_COMPILER_APPICON_NAME = AppIcon;
				ASSETCATALOG_COMPILER_GLOBAL_ACCENT_COLOR_NAME = AccentColor;
				CODE_SIGN_STYLE = Automatic;
				CURRENT_PROJECT_VERSION = 1;
				DEVELOPMENT_ASSET_PATHS = "\"MealsBrowser/Preview Content\"";
				ENABLE_PREVIEWS = YES;
				GENERATE_INFOPLIST_FILE = YES;
				INFOPLIST_KEY_UIApplicationSceneManifest_Generation = YES;
				INFOPLIST_KEY_UIApplicationSupportsIndirectInputEvents = YES;
				INFOPLIST_KEY_UILaunchScreen_Generation = YES;
				INFOPLIST_KEY_UISupportedInterfaceOrientations_iPad = "UIInterfaceOrientationPortrait UIInterfaceOrientationPortraitUpsideDown UIInterfaceOrientationLandscapeLeft UIInterfaceOrientationLandscapeRight";
				INFOPLIST_KEY_UISupportedInterfaceOrientations_iPhone = "UIInterfaceOrientationPortrait UIInterfaceOrientationLandscapeLeft UIInterfaceOrientationLandscapeRight";
				LD_RUNPATH_SEARCH_PATHS = (
					"$(inherited)",
					"@executable_path/Frameworks",
				);
				MARKETING_VERSION = 1.0;
				PRODUCT_BUNDLE_IDENTIFIER = MealsBrowser.MealsBrowser;
				PRODUCT_NAME = "$(TARGET_NAME)";
				SWIFT_EMIT_LOC_STRINGS = YES;
				SWIFT_VERSION = 5.0;
				TARGETED_DEVICE_FAMILY = "1,2";
			};
			name = Release;
		};
		B4DBEDB92CD1672000EE220D /* Debug */ = {
			isa = XCBuildConfiguration;
			buildSettings = {
				BUNDLE_LOADER = "$(TEST_HOST)";
				CODE_SIGN_STYLE = Automatic;
				CURRENT_PROJECT_VERSION = 1;
				GENERATE_INFOPLIST_FILE = YES;
				IPHONEOS_DEPLOYMENT_TARGET = 18.0;
				MARKETING_VERSION = 1.0;
				PRODUCT_BUNDLE_IDENTIFIER = com.MealsBrowserTests;
				PRODUCT_NAME = "$(TARGET_NAME)";
				SWIFT_EMIT_LOC_STRINGS = NO;
				SWIFT_VERSION = 5.0;
				TARGETED_DEVICE_FAMILY = "1,2";
				TEST_HOST = "$(BUILT_PRODUCTS_DIR)/MealsBrowser.app/$(BUNDLE_EXECUTABLE_FOLDER_PATH)/MealsBrowser";
			};
			name = Debug;
		};
		B4DBEDBA2CD1672000EE220D /* Release */ = {
			isa = XCBuildConfiguration;
			buildSettings = {
				BUNDLE_LOADER = "$(TEST_HOST)";
				CODE_SIGN_STYLE = Automatic;
				CURRENT_PROJECT_VERSION = 1;
				GENERATE_INFOPLIST_FILE = YES;
				IPHONEOS_DEPLOYMENT_TARGET = 18.0;
				MARKETING_VERSION = 1.0;
				PRODUCT_BUNDLE_IDENTIFIER = com.MealsBrowserTests;
				PRODUCT_NAME = "$(TARGET_NAME)";
				SWIFT_EMIT_LOC_STRINGS = NO;
				SWIFT_VERSION = 5.0;
				TARGETED_DEVICE_FAMILY = "1,2";
				TEST_HOST = "$(BUILT_PRODUCTS_DIR)/MealsBrowser.app/$(BUNDLE_EXECUTABLE_FOLDER_PATH)/MealsBrowser";
			};
			name = Release;
		};
/* End XCBuildConfiguration section */

/* Begin XCConfigurationList section */
		B4C019F12C929E99006959B6 /* Build configuration list for PBXProject "MealsBrowser" */ = {
			isa = XCConfigurationList;
			buildConfigurations = (
				B4C01A022C929E9A006959B6 /* Debug */,
				B4C01A032C929E9A006959B6 /* Release */,
			);
			defaultConfigurationIsVisible = 0;
			defaultConfigurationName = Release;
		};
		B4C01A042C929E9A006959B6 /* Build configuration list for PBXNativeTarget "MealsBrowser" */ = {
			isa = XCConfigurationList;
			buildConfigurations = (
				B4C01A052C929E9A006959B6 /* Debug */,
				B4C01A062C929E9A006959B6 /* Release */,
			);
			defaultConfigurationIsVisible = 0;
			defaultConfigurationName = Release;
		};
		B4DBEDBB2CD1672000EE220D /* Build configuration list for PBXNativeTarget "MealsBrowserTests" */ = {
			isa = XCConfigurationList;
			buildConfigurations = (
				B4DBEDB92CD1672000EE220D /* Debug */,
				B4DBEDBA2CD1672000EE220D /* Release */,
			);
			defaultConfigurationIsVisible = 0;
			defaultConfigurationName = Release;
		};
/* End XCConfigurationList section */
	};
	rootObject = B4C019EE2C929E99006959B6 /* Project object */;
}
